{
  "requires": true,
  "lockfileVersion": 1,
  "dependencies": {
    "leaflet.gridlayer.googlemutant": {
      "version": "0.7.0",
      "resolved": "https://registry.npmjs.org/leaflet.gridlayer.googlemutant/-/leaflet.gridlayer.googlemutant-0.7.0.tgz",
      "integrity": "sha1-zWTdDjNyD7RKyNPhOhHESnKEPSg="
    }
  }
}
